// !$*UTF8*$!
{
	archiveVersion = 1;
	classes = {
	};
	objectVersion = 46;
	objects = {

/* Begin PBXBuildFile section */
		2215F1D31F7DB80C00BFE2EC /* Student.swift in Sources */ = {isa = PBXBuildFile; fileRef = 2215F1D21F7DB80C00BFE2EC /* Student.swift */; };
		2215F1D51F7DBE0400BFE2EC /* Assignment.swift in Sources */ = {isa = PBXBuildFile; fileRef = 2215F1D41F7DBE0400BFE2EC /* Assignment.swift */; };
		228E7EB81F7DAD6F00E3538C /* GoogleService-Info.plist in Resources */ = {isa = PBXBuildFile; fileRef = 228E7EB71F7DAD6F00E3538C /* GoogleService-Info.plist */; };
		22D5F3091F7A22F8000006A5 /* AttendanceModel.xcdatamodeld in Sources */ = {isa = PBXBuildFile; fileRef = 22D5F3071F7A22F8000006A5 /* AttendanceModel.xcdatamodeld */; };
		22DC78001F7EF9D000747398 /* Class.swift in Sources */ = {isa = PBXBuildFile; fileRef = 22DC77FF1F7EF9D000747398 /* Class.swift */; };
		22DC78041F7F215200747398 /* Teacher.swift in Sources */ = {isa = PBXBuildFile; fileRef = 22DC78031F7F215200747398 /* Teacher.swift */; };
		27129FA41F79701300EED0F2 /* HomeViewController.swift in Sources */ = {isa = PBXBuildFile; fileRef = 27129FA31F79701300EED0F2 /* HomeViewController.swift */; };
		27129FA61F79707E00EED0F2 /* AssignmentsViewController.swift in Sources */ = {isa = PBXBuildFile; fileRef = 27129FA51F79707E00EED0F2 /* AssignmentsViewController.swift */; };
		27129FA81F7970AA00EED0F2 /* AttendanceTableViewController.swift in Sources */ = {isa = PBXBuildFile; fileRef = 27129FA71F7970AA00EED0F2 /* AttendanceTableViewController.swift */; };
		27129FAA1F7970C500EED0F2 /* StudentsTableViewController.swift in Sources */ = {isa = PBXBuildFile; fileRef = 27129FA91F7970C500EED0F2 /* StudentsTableViewController.swift */; };
		277F135B1F72D8A2000971E2 /* AppDelegate.swift in Sources */ = {isa = PBXBuildFile; fileRef = 277F135A1F72D8A2000971E2 /* AppDelegate.swift */; };
		277F13601F72D8A2000971E2 /* Main.storyboard in Resources */ = {isa = PBXBuildFile; fileRef = 277F135E1F72D8A2000971E2 /* Main.storyboard */; };
		277F13631F72D8A2000971E2 /* TeachM.xcdatamodeld in Sources */ = {isa = PBXBuildFile; fileRef = 277F13611F72D8A2000971E2 /* TeachM.xcdatamodeld */; };
		277F13651F72D8A2000971E2 /* Assets.xcassets in Resources */ = {isa = PBXBuildFile; fileRef = 277F13641F72D8A2000971E2 /* Assets.xcassets */; };
		277F13681F72D8A2000971E2 /* LaunchScreen.storyboard in Resources */ = {isa = PBXBuildFile; fileRef = 277F13661F72D8A2000971E2 /* LaunchScreen.storyboard */; };
		277F138C1F72DBD4000971E2 /* LogInViewController.swift in Sources */ = {isa = PBXBuildFile; fileRef = 277F138B1F72DBD4000971E2 /* LogInViewController.swift */; };
		2EE12A4EE764DBD8D8E81A4C /* Pods_TeachM.framework in Frameworks */ = {isa = PBXBuildFile; fileRef = 462EC21A30AB77C03375CEB8 /* Pods_TeachM.framework */; };
		3A01FB641F82A60300A05E88 /* TeacherHomepage.swift in Sources */ = {isa = PBXBuildFile; fileRef = 3A01FB631F82A60300A05E88 /* TeacherHomepage.swift */; };
		3A01FB671F82A63300A05E88 /* DrawLine.swift in Sources */ = {isa = PBXBuildFile; fileRef = 3A01FB661F82A63300A05E88 /* DrawLine.swift */; };
		8B053F0341A021273393C52C /* Pods_TeachMUITests.framework in Frameworks */ = {isa = PBXBuildFile; fileRef = BB3D48C931A87A4DDE71611F /* Pods_TeachMUITests.framework */; };
		BB74A0BAB208DADD01BA8166 /* Pods_TeachMTests.framework in Frameworks */ = {isa = PBXBuildFile; fileRef = 7E3B5164054EE3D515F53710 /* Pods_TeachMTests.framework */; };
/* End PBXBuildFile section */

/* Begin PBXContainerItemProxy section */
		277F136F1F72D8A2000971E2 /* PBXContainerItemProxy */ = {
			isa = PBXContainerItemProxy;
			containerPortal = 277F134F1F72D8A2000971E2 /* Project object */;
			proxyType = 1;
			remoteGlobalIDString = 277F13561F72D8A2000971E2;
			remoteInfo = TeachM;
		};
		277F137A1F72D8A2000971E2 /* PBXContainerItemProxy */ = {
			isa = PBXContainerItemProxy;
			containerPortal = 277F134F1F72D8A2000971E2 /* Project object */;
			proxyType = 1;
			remoteGlobalIDString = 277F13561F72D8A2000971E2;
			remoteInfo = TeachM;
		};
/* End PBXContainerItemProxy section */

/* Begin PBXFileReference section */
		09A0F8C7AA16B4A1E7ABB17E /* Pods-TeachMUITests.debug.xcconfig */ = {isa = PBXFileReference; includeInIndex = 1; lastKnownFileType = text.xcconfig; name = "Pods-TeachMUITests.debug.xcconfig"; path = "Pods/Target Support Files/Pods-TeachMUITests/Pods-TeachMUITests.debug.xcconfig"; sourceTree = "<group>"; };
		0B7DD0D7C6C557E9B691BEE4 /* Pods-TeachMTests.release.xcconfig */ = {isa = PBXFileReference; includeInIndex = 1; lastKnownFileType = text.xcconfig; name = "Pods-TeachMTests.release.xcconfig"; path = "Pods/Target Support Files/Pods-TeachMTests/Pods-TeachMTests.release.xcconfig"; sourceTree = "<group>"; };
		2215F1D21F7DB80C00BFE2EC /* Student.swift */ = {isa = PBXFileReference; lastKnownFileType = sourcecode.swift; path = Student.swift; sourceTree = "<group>"; };
		2215F1D41F7DBE0400BFE2EC /* Assignment.swift */ = {isa = PBXFileReference; lastKnownFileType = sourcecode.swift; path = Assignment.swift; sourceTree = "<group>"; };
		228E7EB71F7DAD6F00E3538C /* GoogleService-Info.plist */ = {isa = PBXFileReference; fileEncoding = 4; lastKnownFileType = text.plist.xml; path = "GoogleService-Info.plist"; sourceTree = "<group>"; };
		22D5F3081F7A22F8000006A5 /* AttendanceModel.xcdatamodel */ = {isa = PBXFileReference; lastKnownFileType = wrapper.xcdatamodel; path = AttendanceModel.xcdatamodel; sourceTree = "<group>"; };
		22DC77FF1F7EF9D000747398 /* Class.swift */ = {isa = PBXFileReference; lastKnownFileType = sourcecode.swift; path = Class.swift; sourceTree = "<group>"; };
		22DC78031F7F215200747398 /* Teacher.swift */ = {isa = PBXFileReference; lastKnownFileType = sourcecode.swift; path = Teacher.swift; sourceTree = "<group>"; };
		27129FA31F79701300EED0F2 /* HomeViewController.swift */ = {isa = PBXFileReference; lastKnownFileType = sourcecode.swift; path = HomeViewController.swift; sourceTree = "<group>"; };
		27129FA51F79707E00EED0F2 /* AssignmentsViewController.swift */ = {isa = PBXFileReference; lastKnownFileType = sourcecode.swift; path = AssignmentsViewController.swift; sourceTree = "<group>"; };
		27129FA71F7970AA00EED0F2 /* AttendanceTableViewController.swift */ = {isa = PBXFileReference; lastKnownFileType = sourcecode.swift; path = AttendanceTableViewController.swift; sourceTree = "<group>"; };
		27129FA91F7970C500EED0F2 /* StudentsTableViewController.swift */ = {isa = PBXFileReference; lastKnownFileType = sourcecode.swift; path = StudentsTableViewController.swift; sourceTree = "<group>"; };
		277F13571F72D8A2000971E2 /* TeachM.app */ = {isa = PBXFileReference; explicitFileType = wrapper.application; includeInIndex = 0; path = TeachM.app; sourceTree = BUILT_PRODUCTS_DIR; };
		277F135A1F72D8A2000971E2 /* AppDelegate.swift */ = {isa = PBXFileReference; lastKnownFileType = sourcecode.swift; path = AppDelegate.swift; sourceTree = "<group>"; };
		277F135F1F72D8A2000971E2 /* Base */ = {isa = PBXFileReference; lastKnownFileType = file.storyboard; name = Base; path = Base.lproj/Main.storyboard; sourceTree = "<group>"; };
		277F13621F72D8A2000971E2 /* TeachM.xcdatamodel */ = {isa = PBXFileReference; lastKnownFileType = wrapper.xcdatamodel; path = TeachM.xcdatamodel; sourceTree = "<group>"; };
		277F13641F72D8A2000971E2 /* Assets.xcassets */ = {isa = PBXFileReference; lastKnownFileType = folder.assetcatalog; path = Assets.xcassets; sourceTree = "<group>"; };
		277F13671F72D8A2000971E2 /* Base */ = {isa = PBXFileReference; lastKnownFileType = file.storyboard; name = Base; path = Base.lproj/LaunchScreen.storyboard; sourceTree = "<group>"; };
		277F13691F72D8A2000971E2 /* Info.plist */ = {isa = PBXFileReference; lastKnownFileType = text.plist.xml; path = Info.plist; sourceTree = "<group>"; };
		277F136E1F72D8A2000971E2 /* TeachMTests.xctest */ = {isa = PBXFileReference; explicitFileType = wrapper.cfbundle; includeInIndex = 0; path = TeachMTests.xctest; sourceTree = BUILT_PRODUCTS_DIR; };
		277F13791F72D8A2000971E2 /* TeachMUITests.xctest */ = {isa = PBXFileReference; explicitFileType = wrapper.cfbundle; includeInIndex = 0; path = TeachMUITests.xctest; sourceTree = BUILT_PRODUCTS_DIR; };
		277F138B1F72DBD4000971E2 /* LogInViewController.swift */ = {isa = PBXFileReference; fileEncoding = 4; lastKnownFileType = sourcecode.swift; path = LogInViewController.swift; sourceTree = "<group>"; };
		2DC1C257885F934C645C4444 /* Pods-TeachM.release.xcconfig */ = {isa = PBXFileReference; includeInIndex = 1; lastKnownFileType = text.xcconfig; name = "Pods-TeachM.release.xcconfig"; path = "Pods/Target Support Files/Pods-TeachM/Pods-TeachM.release.xcconfig"; sourceTree = "<group>"; };
		3A01FB631F82A60300A05E88 /* TeacherHomepage.swift */ = {isa = PBXFileReference; lastKnownFileType = sourcecode.swift; name = TeacherHomepage.swift; path = TeachM/teacherhomepge/TeacherHomepage.swift; sourceTree = SOURCE_ROOT; };
		3A01FB661F82A63300A05E88 /* DrawLine.swift */ = {isa = PBXFileReference; lastKnownFileType = sourcecode.swift; path = DrawLine.swift; sourceTree = "<group>"; };
		462EC21A30AB77C03375CEB8 /* Pods_TeachM.framework */ = {isa = PBXFileReference; explicitFileType = wrapper.framework; includeInIndex = 0; path = Pods_TeachM.framework; sourceTree = BUILT_PRODUCTS_DIR; };
		47349BC9D1E69D2EC009B23E /* Pods-TeachM.debug.xcconfig */ = {isa = PBXFileReference; includeInIndex = 1; lastKnownFileType = text.xcconfig; name = "Pods-TeachM.debug.xcconfig"; path = "Pods/Target Support Files/Pods-TeachM/Pods-TeachM.debug.xcconfig"; sourceTree = "<group>"; };
		7E3B5164054EE3D515F53710 /* Pods_TeachMTests.framework */ = {isa = PBXFileReference; explicitFileType = wrapper.framework; includeInIndex = 0; path = Pods_TeachMTests.framework; sourceTree = BUILT_PRODUCTS_DIR; };
		ACD6469FD5BD618CE62D54E4 /* Pods-TeachMTests.debug.xcconfig */ = {isa = PBXFileReference; includeInIndex = 1; lastKnownFileType = text.xcconfig; name = "Pods-TeachMTests.debug.xcconfig"; path = "Pods/Target Support Files/Pods-TeachMTests/Pods-TeachMTests.debug.xcconfig"; sourceTree = "<group>"; };
		BB3D48C931A87A4DDE71611F /* Pods_TeachMUITests.framework */ = {isa = PBXFileReference; explicitFileType = wrapper.framework; includeInIndex = 0; path = Pods_TeachMUITests.framework; sourceTree = BUILT_PRODUCTS_DIR; };
		FE150755E1CCAE6405872136 /* Pods-TeachMUITests.release.xcconfig */ = {isa = PBXFileReference; includeInIndex = 1; lastKnownFileType = text.xcconfig; name = "Pods-TeachMUITests.release.xcconfig"; path = "Pods/Target Support Files/Pods-TeachMUITests/Pods-TeachMUITests.release.xcconfig"; sourceTree = "<group>"; };
/* End PBXFileReference section */

/* Begin PBXFrameworksBuildPhase section */
		277F13541F72D8A2000971E2 /* Frameworks */ = {
			isa = PBXFrameworksBuildPhase;
			buildActionMask = 2147483647;
			files = (
				2EE12A4EE764DBD8D8E81A4C /* Pods_TeachM.framework in Frameworks */,
			);
			runOnlyForDeploymentPostprocessing = 0;
		};
		277F136B1F72D8A2000971E2 /* Frameworks */ = {
			isa = PBXFrameworksBuildPhase;
			buildActionMask = 2147483647;
			files = (
				BB74A0BAB208DADD01BA8166 /* Pods_TeachMTests.framework in Frameworks */,
			);
			runOnlyForDeploymentPostprocessing = 0;
		};
		277F13761F72D8A2000971E2 /* Frameworks */ = {
			isa = PBXFrameworksBuildPhase;
			buildActionMask = 2147483647;
			files = (
				8B053F0341A021273393C52C /* Pods_TeachMUITests.framework in Frameworks */,
			);
			runOnlyForDeploymentPostprocessing = 0;
		};
/* End PBXFrameworksBuildPhase section */

/* Begin PBXGroup section */
		2215F1D11F7DB7EA00BFE2EC /* Models */ = {
			isa = PBXGroup;
			children = (
				2215F1D21F7DB80C00BFE2EC /* Student.swift */,
				2215F1D41F7DBE0400BFE2EC /* Assignment.swift */,
				22DC77FF1F7EF9D000747398 /* Class.swift */,
				22DC78031F7F215200747398 /* Teacher.swift */,
			);
			path = Models;
			sourceTree = "<group>";
		};
		277F134E1F72D8A2000971E2 = {
			isa = PBXGroup;
			children = (
				277F13591F72D8A2000971E2 /* TeachM */,
				277F13581F72D8A2000971E2 /* Products */,
				68609BAF6AAC59D88D83E7ED /* Pods */,
				7FF38D70DA63E28ECC3D7418 /* Frameworks */,
			);
			sourceTree = "<group>";
		};
		277F13581F72D8A2000971E2 /* Products */ = {
			isa = PBXGroup;
			children = (
				277F13571F72D8A2000971E2 /* TeachM.app */,
				277F136E1F72D8A2000971E2 /* TeachMTests.xctest */,
				277F13791F72D8A2000971E2 /* TeachMUITests.xctest */,
			);
			name = Products;
			sourceTree = "<group>";
		};
		277F13591F72D8A2000971E2 /* TeachM */ = {
			isa = PBXGroup;
			children = (
				2215F1D11F7DB7EA00BFE2EC /* Models */,
				228E7EB71F7DAD6F00E3538C /* GoogleService-Info.plist */,
				277F135A1F72D8A2000971E2 /* AppDelegate.swift */,
				277F135E1F72D8A2000971E2 /* Main.storyboard */,
				22D5F3071F7A22F8000006A5 /* AttendanceModel.xcdatamodeld */,
				27129FA91F7970C500EED0F2 /* StudentsTableViewController.swift */,
				3A01FB651F82A61100A05E88 /* teacherhomepge */,
				27129FA51F79707E00EED0F2 /* AssignmentsViewController.swift */,
				27129FA71F7970AA00EED0F2 /* AttendanceTableViewController.swift */,
				27129FA31F79701300EED0F2 /* HomeViewController.swift */,
				277F138B1F72DBD4000971E2 /* LogInViewController.swift */,
				277F13641F72D8A2000971E2 /* Assets.xcassets */,
				277F13661F72D8A2000971E2 /* LaunchScreen.storyboard */,
				277F13691F72D8A2000971E2 /* Info.plist */,
				277F13611F72D8A2000971E2 /* TeachM.xcdatamodeld */,
			);
			path = TeachM;
			sourceTree = "<group>";
		};
		3A01FB651F82A61100A05E88 /* teacherhomepge */ = {
			isa = PBXGroup;
			children = (
				3A01FB661F82A63300A05E88 /* DrawLine.swift */,
				3A01FB631F82A60300A05E88 /* TeacherHomepage.swift */,
			);
			path = teacherhomepge;
			sourceTree = "<group>";
		};
		68609BAF6AAC59D88D83E7ED /* Pods */ = {
			isa = PBXGroup;
			children = (
				47349BC9D1E69D2EC009B23E /* Pods-TeachM.debug.xcconfig */,
				2DC1C257885F934C645C4444 /* Pods-TeachM.release.xcconfig */,
				ACD6469FD5BD618CE62D54E4 /* Pods-TeachMTests.debug.xcconfig */,
				0B7DD0D7C6C557E9B691BEE4 /* Pods-TeachMTests.release.xcconfig */,
				09A0F8C7AA16B4A1E7ABB17E /* Pods-TeachMUITests.debug.xcconfig */,
				FE150755E1CCAE6405872136 /* Pods-TeachMUITests.release.xcconfig */,
			);
			name = Pods;
			sourceTree = "<group>";
		};
		7FF38D70DA63E28ECC3D7418 /* Frameworks */ = {
			isa = PBXGroup;
			children = (
				462EC21A30AB77C03375CEB8 /* Pods_TeachM.framework */,
				7E3B5164054EE3D515F53710 /* Pods_TeachMTests.framework */,
				BB3D48C931A87A4DDE71611F /* Pods_TeachMUITests.framework */,
			);
			name = Frameworks;
			sourceTree = "<group>";
		};
/* End PBXGroup section */

/* Begin PBXNativeTarget section */
		277F13561F72D8A2000971E2 /* TeachM */ = {
			isa = PBXNativeTarget;
			buildConfigurationList = 277F13821F72D8A2000971E2 /* Build configuration list for PBXNativeTarget "TeachM" */;
			buildPhases = (
				B64F7E7B234842A2D38D9C65 /* [CP] Check Pods Manifest.lock */,
				277F13531F72D8A2000971E2 /* Sources */,
				277F13541F72D8A2000971E2 /* Frameworks */,
				277F13551F72D8A2000971E2 /* Resources */,
				CCA8BEC08E7B0121E809EF19 /* [CP] Embed Pods Frameworks */,
				04D3DBC33A9FF39EAD35607B /* [CP] Copy Pods Resources */,
			);
			buildRules = (
			);
			dependencies = (
			);
			name = TeachM;
			productName = TeachM;
			productReference = 277F13571F72D8A2000971E2 /* TeachM.app */;
			productType = "com.apple.product-type.application";
		};
		277F136D1F72D8A2000971E2 /* TeachMTests */ = {
			isa = PBXNativeTarget;
			buildConfigurationList = 277F13851F72D8A2000971E2 /* Build configuration list for PBXNativeTarget "TeachMTests" */;
			buildPhases = (
				75A8122C40F9B26442A9CAE4 /* [CP] Check Pods Manifest.lock */,
				277F136A1F72D8A2000971E2 /* Sources */,
				277F136B1F72D8A2000971E2 /* Frameworks */,
				277F136C1F72D8A2000971E2 /* Resources */,
				051066F7279E7FBC8D684EEF /* [CP] Embed Pods Frameworks */,
				5A9F39A08B2480FBEB0E4C67 /* [CP] Copy Pods Resources */,
			);
			buildRules = (
			);
			dependencies = (
				277F13701F72D8A2000971E2 /* PBXTargetDependency */,
			);
			name = TeachMTests;
			productName = TeachMTests;
			productReference = 277F136E1F72D8A2000971E2 /* TeachMTests.xctest */;
			productType = "com.apple.product-type.bundle.unit-test";
		};
		277F13781F72D8A2000971E2 /* TeachMUITests */ = {
			isa = PBXNativeTarget;
			buildConfigurationList = 277F13881F72D8A2000971E2 /* Build configuration list for PBXNativeTarget "TeachMUITests" */;
			buildPhases = (
				F8171CA6124D1327973C7D68 /* [CP] Check Pods Manifest.lock */,
				277F13751F72D8A2000971E2 /* Sources */,
				277F13761F72D8A2000971E2 /* Frameworks */,
				277F13771F72D8A2000971E2 /* Resources */,
				1F35F2E732EB25EBA336E1AB /* [CP] Embed Pods Frameworks */,
				98707E5D2CC6C97B65885BD7 /* [CP] Copy Pods Resources */,
			);
			buildRules = (
			);
			dependencies = (
				277F137B1F72D8A2000971E2 /* PBXTargetDependency */,
			);
			name = TeachMUITests;
			productName = TeachMUITests;
			productReference = 277F13791F72D8A2000971E2 /* TeachMUITests.xctest */;
			productType = "com.apple.product-type.bundle.ui-testing";
		};
/* End PBXNativeTarget section */

/* Begin PBXProject section */
		277F134F1F72D8A2000971E2 /* Project object */ = {
			isa = PBXProject;
			attributes = {
				LastSwiftUpdateCheck = 0830;
				LastUpgradeCheck = 0900;
				ORGANIZATIONNAME = "Sina Eradat";
				TargetAttributes = {
					277F13561F72D8A2000971E2 = {
						CreatedOnToolsVersion = 8.3.3;
						DevelopmentTeam = JB9S2XD9E3;
						LastSwiftMigration = 0900;
						ProvisioningStyle = Automatic;
					};
					277F136D1F72D8A2000971E2 = {
						CreatedOnToolsVersion = 8.3.3;
						DevelopmentTeam = JB9S2XD9E3;
						LastSwiftMigration = 0900;
						ProvisioningStyle = Automatic;
						TestTargetID = 277F13561F72D8A2000971E2;
					};
					277F13781F72D8A2000971E2 = {
						CreatedOnToolsVersion = 8.3.3;
						DevelopmentTeam = JB9S2XD9E3;
						LastSwiftMigration = 0900;
						ProvisioningStyle = Automatic;
						TestTargetID = 277F13561F72D8A2000971E2;
					};
				};
			};
			buildConfigurationList = 277F13521F72D8A2000971E2 /* Build configuration list for PBXProject "TeachM" */;
			compatibilityVersion = "Xcode 3.2";
			developmentRegion = English;
			hasScannedForEncodings = 0;
			knownRegions = (
				en,
				Base,
			);
			mainGroup = 277F134E1F72D8A2000971E2;
			productRefGroup = 277F13581F72D8A2000971E2 /* Products */;
			projectDirPath = "";
			projectRoot = "";
			targets = (
				277F13561F72D8A2000971E2 /* TeachM */,
				277F136D1F72D8A2000971E2 /* TeachMTests */,
				277F13781F72D8A2000971E2 /* TeachMUITests */,
			);
		};
/* End PBXProject section */

/* Begin PBXResourcesBuildPhase section */
		277F13551F72D8A2000971E2 /* Resources */ = {
			isa = PBXResourcesBuildPhase;
			buildActionMask = 2147483647;
			files = (
				277F13681F72D8A2000971E2 /* LaunchScreen.storyboard in Resources */,
				228E7EB81F7DAD6F00E3538C /* GoogleService-Info.plist in Resources */,
				277F13651F72D8A2000971E2 /* Assets.xcassets in Resources */,
				277F13601F72D8A2000971E2 /* Main.storyboard in Resources */,
			);
			runOnlyForDeploymentPostprocessing = 0;
		};
		277F136C1F72D8A2000971E2 /* Resources */ = {
			isa = PBXResourcesBuildPhase;
			buildActionMask = 2147483647;
			files = (
			);
			runOnlyForDeploymentPostprocessing = 0;
		};
		277F13771F72D8A2000971E2 /* Resources */ = {
			isa = PBXResourcesBuildPhase;
			buildActionMask = 2147483647;
			files = (
			);
			runOnlyForDeploymentPostprocessing = 0;
		};
/* End PBXResourcesBuildPhase section */

/* Begin PBXShellScriptBuildPhase section */
		04D3DBC33A9FF39EAD35607B /* [CP] Copy Pods Resources */ = {
			isa = PBXShellScriptBuildPhase;
			buildActionMask = 2147483647;
			files = (
			);
			inputPaths = (
			);
			name = "[CP] Copy Pods Resources";
			outputPaths = (
			);
			runOnlyForDeploymentPostprocessing = 0;
			shellPath = /bin/sh;
			shellScript = "\"${SRCROOT}/Pods/Target Support Files/Pods-TeachM/Pods-TeachM-resources.sh\"\n";
			showEnvVarsInLog = 0;
		};
		051066F7279E7FBC8D684EEF /* [CP] Embed Pods Frameworks */ = {
			isa = PBXShellScriptBuildPhase;
			buildActionMask = 2147483647;
			files = (
			);
			inputPaths = (
				"${SRCROOT}/Pods/Target Support Files/Pods-TeachMTests/Pods-TeachMTests-frameworks.sh",
				"${BUILT_PRODUCTS_DIR}/GoogleToolboxForMac/GoogleToolboxForMac.framework",
				"${BUILT_PRODUCTS_DIR}/leveldb-library/leveldb.framework",
				"${BUILT_PRODUCTS_DIR}/nanopb/nanopb.framework",
			);
			name = "[CP] Embed Pods Frameworks";
			outputPaths = (
				"${TARGET_BUILD_DIR}/${FRAMEWORKS_FOLDER_PATH}/GoogleToolboxForMac.framework",
				"${TARGET_BUILD_DIR}/${FRAMEWORKS_FOLDER_PATH}/leveldb.framework",
				"${TARGET_BUILD_DIR}/${FRAMEWORKS_FOLDER_PATH}/nanopb.framework",
			);
			runOnlyForDeploymentPostprocessing = 0;
			shellPath = /bin/sh;
			shellScript = "\"${SRCROOT}/Pods/Target Support Files/Pods-TeachMTests/Pods-TeachMTests-frameworks.sh\"\n";
			showEnvVarsInLog = 0;
		};
		1F35F2E732EB25EBA336E1AB /* [CP] Embed Pods Frameworks */ = {
			isa = PBXShellScriptBuildPhase;
			buildActionMask = 2147483647;
			files = (
			);
			inputPaths = (
				"${SRCROOT}/Pods/Target Support Files/Pods-TeachMUITests/Pods-TeachMUITests-frameworks.sh",
				"${BUILT_PRODUCTS_DIR}/GoogleToolboxForMac/GoogleToolboxForMac.framework",
				"${BUILT_PRODUCTS_DIR}/leveldb-library/leveldb.framework",
				"${BUILT_PRODUCTS_DIR}/nanopb/nanopb.framework",
			);
			name = "[CP] Embed Pods Frameworks";
			outputPaths = (
				"${TARGET_BUILD_DIR}/${FRAMEWORKS_FOLDER_PATH}/GoogleToolboxForMac.framework",
				"${TARGET_BUILD_DIR}/${FRAMEWORKS_FOLDER_PATH}/leveldb.framework",
				"${TARGET_BUILD_DIR}/${FRAMEWORKS_FOLDER_PATH}/nanopb.framework",
			);
			runOnlyForDeploymentPostprocessing = 0;
			shellPath = /bin/sh;
			shellScript = "\"${SRCROOT}/Pods/Target Support Files/Pods-TeachMUITests/Pods-TeachMUITests-frameworks.sh\"\n";
			showEnvVarsInLog = 0;
		};
		5A9F39A08B2480FBEB0E4C67 /* [CP] Copy Pods Resources */ = {
			isa = PBXShellScriptBuildPhase;
			buildActionMask = 2147483647;
			files = (
			);
			inputPaths = (
			);
			name = "[CP] Copy Pods Resources";
			outputPaths = (
			);
			runOnlyForDeploymentPostprocessing = 0;
			shellPath = /bin/sh;
			shellScript = "\"${SRCROOT}/Pods/Target Support Files/Pods-TeachMTests/Pods-TeachMTests-resources.sh\"\n";
			showEnvVarsInLog = 0;
		};
		75A8122C40F9B26442A9CAE4 /* [CP] Check Pods Manifest.lock */ = {
			isa = PBXShellScriptBuildPhase;
			buildActionMask = 2147483647;
			files = (
			);
			inputPaths = (
				"${PODS_PODFILE_DIR_PATH}/Podfile.lock",
				"${PODS_ROOT}/Manifest.lock",
			);
			name = "[CP] Check Pods Manifest.lock";
			outputPaths = (
				"$(DERIVED_FILE_DIR)/Pods-TeachMTests-checkManifestLockResult.txt",
			);
			runOnlyForDeploymentPostprocessing = 0;
			shellPath = /bin/sh;
			shellScript = "diff \"${PODS_PODFILE_DIR_PATH}/Podfile.lock\" \"${PODS_ROOT}/Manifest.lock\" > /dev/null\nif [ $? != 0 ] ; then\n    # print error to STDERR\n    echo \"error: The sandbox is not in sync with the Podfile.lock. Run 'pod install' or update your CocoaPods installation.\" >&2\n    exit 1\nfi\n# This output is used by Xcode 'outputs' to avoid re-running this script phase.\necho \"SUCCESS\" > \"${SCRIPT_OUTPUT_FILE_0}\"\n";
			showEnvVarsInLog = 0;
		};
		98707E5D2CC6C97B65885BD7 /* [CP] Copy Pods Resources */ = {
			isa = PBXShellScriptBuildPhase;
			buildActionMask = 2147483647;
			files = (
			);
			inputPaths = (
			);
			name = "[CP] Copy Pods Resources";
			outputPaths = (
			);
			runOnlyForDeploymentPostprocessing = 0;
			shellPath = /bin/sh;
			shellScript = "\"${SRCROOT}/Pods/Target Support Files/Pods-TeachMUITests/Pods-TeachMUITests-resources.sh\"\n";
			showEnvVarsInLog = 0;
		};
		B64F7E7B234842A2D38D9C65 /* [CP] Check Pods Manifest.lock */ = {
			isa = PBXShellScriptBuildPhase;
			buildActionMask = 2147483647;
			files = (
			);
			inputPaths = (
				"${PODS_PODFILE_DIR_PATH}/Podfile.lock",
				"${PODS_ROOT}/Manifest.lock",
			);
			name = "[CP] Check Pods Manifest.lock";
			outputPaths = (
				"$(DERIVED_FILE_DIR)/Pods-TeachM-checkManifestLockResult.txt",
			);
			runOnlyForDeploymentPostprocessing = 0;
			shellPath = /bin/sh;
			shellScript = "diff \"${PODS_PODFILE_DIR_PATH}/Podfile.lock\" \"${PODS_ROOT}/Manifest.lock\" > /dev/null\nif [ $? != 0 ] ; then\n    # print error to STDERR\n    echo \"error: The sandbox is not in sync with the Podfile.lock. Run 'pod install' or update your CocoaPods installation.\" >&2\n    exit 1\nfi\n# This output is used by Xcode 'outputs' to avoid re-running this script phase.\necho \"SUCCESS\" > \"${SCRIPT_OUTPUT_FILE_0}\"\n";
			showEnvVarsInLog = 0;
		};
		CCA8BEC08E7B0121E809EF19 /* [CP] Embed Pods Frameworks */ = {
			isa = PBXShellScriptBuildPhase;
			buildActionMask = 2147483647;
			files = (
			);
			inputPaths = (
				"${SRCROOT}/Pods/Target Support Files/Pods-TeachM/Pods-TeachM-frameworks.sh",
				"${BUILT_PRODUCTS_DIR}/GoogleToolboxForMac/GoogleToolboxForMac.framework",
				"${BUILT_PRODUCTS_DIR}/leveldb-library/leveldb.framework",
				"${BUILT_PRODUCTS_DIR}/nanopb/nanopb.framework",
			);
			name = "[CP] Embed Pods Frameworks";
			outputPaths = (
				"${TARGET_BUILD_DIR}/${FRAMEWORKS_FOLDER_PATH}/GoogleToolboxForMac.framework",
				"${TARGET_BUILD_DIR}/${FRAMEWORKS_FOLDER_PATH}/leveldb.framework",
				"${TARGET_BUILD_DIR}/${FRAMEWORKS_FOLDER_PATH}/nanopb.framework",
			);
			runOnlyForDeploymentPostprocessing = 0;
			shellPath = /bin/sh;
			shellScript = "\"${SRCROOT}/Pods/Target Support Files/Pods-TeachM/Pods-TeachM-frameworks.sh\"\n";
			showEnvVarsInLog = 0;
		};
		F8171CA6124D1327973C7D68 /* [CP] Check Pods Manifest.lock */ = {
			isa = PBXShellScriptBuildPhase;
			buildActionMask = 2147483647;
			files = (
			);
			inputPaths = (
				"${PODS_PODFILE_DIR_PATH}/Podfile.lock",
				"${PODS_ROOT}/Manifest.lock",
			);
			name = "[CP] Check Pods Manifest.lock";
			outputPaths = (
				"$(DERIVED_FILE_DIR)/Pods-TeachMUITests-checkManifestLockResult.txt",
			);
			runOnlyForDeploymentPostprocessing = 0;
			shellPath = /bin/sh;
			shellScript = "diff \"${PODS_PODFILE_DIR_PATH}/Podfile.lock\" \"${PODS_ROOT}/Manifest.lock\" > /dev/null\nif [ $? != 0 ] ; then\n    # print error to STDERR\n    echo \"error: The sandbox is not in sync with the Podfile.lock. Run 'pod install' or update your CocoaPods installation.\" >&2\n    exit 1\nfi\n# This output is used by Xcode 'outputs' to avoid re-running this script phase.\necho \"SUCCESS\" > \"${SCRIPT_OUTPUT_FILE_0}\"\n";
			showEnvVarsInLog = 0;
		};
/* End PBXShellScriptBuildPhase section */

/* Begin PBXSourcesBuildPhase section */
		277F13531F72D8A2000971E2 /* Sources */ = {
			isa = PBXSourcesBuildPhase;
			buildActionMask = 2147483647;
			files = (
				22DC78041F7F215200747398 /* Teacher.swift in Sources */,
				3A01FB671F82A63300A05E88 /* DrawLine.swift in Sources */,
				27129FA81F7970AA00EED0F2 /* AttendanceTableViewController.swift in Sources */,
				3A01FB641F82A60300A05E88 /* TeacherHomepage.swift in Sources */,
				22DC78001F7EF9D000747398 /* Class.swift in Sources */,
				277F13631F72D8A2000971E2 /* TeachM.xcdatamodeld in Sources */,
				277F135B1F72D8A2000971E2 /* AppDelegate.swift in Sources */,
				277F138C1F72DBD4000971E2 /* LogInViewController.swift in Sources */,
				2215F1D31F7DB80C00BFE2EC /* Student.swift in Sources */,
				22D5F3091F7A22F8000006A5 /* AttendanceModel.xcdatamodeld in Sources */,
				27129FA41F79701300EED0F2 /* HomeViewController.swift in Sources */,
				27129FAA1F7970C500EED0F2 /* StudentsTableViewController.swift in Sources */,
				2215F1D51F7DBE0400BFE2EC /* Assignment.swift in Sources */,
				27129FA61F79707E00EED0F2 /* AssignmentsViewController.swift in Sources */,
			);
			runOnlyForDeploymentPostprocessing = 0;
		};
		277F136A1F72D8A2000971E2 /* Sources */ = {
			isa = PBXSourcesBuildPhase;
			buildActionMask = 2147483647;
			files = (
			);
			runOnlyForDeploymentPostprocessing = 0;
		};
		277F13751F72D8A2000971E2 /* Sources */ = {
			isa = PBXSourcesBuildPhase;
			buildActionMask = 2147483647;
			files = (
			);
			runOnlyForDeploymentPostprocessing = 0;
		};
/* End PBXSourcesBuildPhase section */

/* Begin PBXTargetDependency section */
		277F13701F72D8A2000971E2 /* PBXTargetDependency */ = {
			isa = PBXTargetDependency;
			target = 277F13561F72D8A2000971E2 /* TeachM */;
			targetProxy = 277F136F1F72D8A2000971E2 /* PBXContainerItemProxy */;
		};
		277F137B1F72D8A2000971E2 /* PBXTargetDependency */ = {
			isa = PBXTargetDependency;
			target = 277F13561F72D8A2000971E2 /* TeachM */;
			targetProxy = 277F137A1F72D8A2000971E2 /* PBXContainerItemProxy */;
		};
/* End PBXTargetDependency section */

/* Begin PBXVariantGroup section */
		277F135E1F72D8A2000971E2 /* Main.storyboard */ = {
			isa = PBXVariantGroup;
			children = (
				277F135F1F72D8A2000971E2 /* Base */,
			);
			name = Main.storyboard;
			sourceTree = "<group>";
		};
		277F13661F72D8A2000971E2 /* LaunchScreen.storyboard */ = {
			isa = PBXVariantGroup;
			children = (
				277F13671F72D8A2000971E2 /* Base */,
			);
			name = LaunchScreen.storyboard;
			sourceTree = "<group>";
		};
/* End PBXVariantGroup section */

/* Begin XCBuildConfiguration section */
		277F13801F72D8A2000971E2 /* Debug */ = {
			isa = XCBuildConfiguration;
			buildSettings = {
				ALWAYS_SEARCH_USER_PATHS = NO;
				CLANG_ANALYZER_NONNULL = YES;
				CLANG_ANALYZER_NUMBER_OBJECT_CONVERSION = YES_AGGRESSIVE;
				CLANG_CXX_LANGUAGE_STANDARD = "gnu++0x";
				CLANG_CXX_LIBRARY = "libc++";
				CLANG_ENABLE_MODULES = YES;
				CLANG_ENABLE_OBJC_ARC = YES;
				CLANG_WARN_BLOCK_CAPTURE_AUTORELEASING = YES;
				CLANG_WARN_BOOL_CONVERSION = YES;
				CLANG_WARN_COMMA = YES;
				CLANG_WARN_CONSTANT_CONVERSION = YES;
				CLANG_WARN_DIRECT_OBJC_ISA_USAGE = YES_ERROR;
				CLANG_WARN_DOCUMENTATION_COMMENTS = YES;
				CLANG_WARN_EMPTY_BODY = YES;
				CLANG_WARN_ENUM_CONVERSION = YES;
				CLANG_WARN_INFINITE_RECURSION = YES;
				CLANG_WARN_INT_CONVERSION = YES;
				CLANG_WARN_NON_LITERAL_NULL_CONVERSION = YES;
				CLANG_WARN_OBJC_LITERAL_CONVERSION = YES;
				CLANG_WARN_OBJC_ROOT_CLASS = YES_ERROR;
				CLANG_WARN_RANGE_LOOP_ANALYSIS = YES;
				CLANG_WARN_STRICT_PROTOTYPES = YES;
				CLANG_WARN_SUSPICIOUS_MOVE = YES;
				CLANG_WARN_UNREACHABLE_CODE = YES;
				CLANG_WARN__DUPLICATE_METHOD_MATCH = YES;
				"CODE_SIGN_IDENTITY[sdk=iphoneos*]" = "iPhone Developer";
				COPY_PHASE_STRIP = NO;
				DEBUG_INFORMATION_FORMAT = dwarf;
				ENABLE_STRICT_OBJC_MSGSEND = YES;
				ENABLE_TESTABILITY = YES;
				GCC_C_LANGUAGE_STANDARD = gnu99;
				GCC_DYNAMIC_NO_PIC = NO;
				GCC_NO_COMMON_BLOCKS = YES;
				GCC_OPTIMIZATION_LEVEL = 0;
				GCC_PREPROCESSOR_DEFINITIONS = (
					"DEBUG=1",
					"$(inherited)",
				);
				GCC_WARN_64_TO_32_BIT_CONVERSION = YES;
				GCC_WARN_ABOUT_RETURN_TYPE = YES_ERROR;
				GCC_WARN_UNDECLARED_SELECTOR = YES;
				GCC_WARN_UNINITIALIZED_AUTOS = YES_AGGRESSIVE;
				GCC_WARN_UNUSED_FUNCTION = YES;
				GCC_WARN_UNUSED_VARIABLE = YES;
				IPHONEOS_DEPLOYMENT_TARGET = 10.3;
				MTL_ENABLE_DEBUG_INFO = YES;
				ONLY_ACTIVE_ARCH = YES;
				SDKROOT = iphoneos;
				SWIFT_ACTIVE_COMPILATION_CONDITIONS = DEBUG;
				SWIFT_OPTIMIZATION_LEVEL = "-Onone";
				TARGETED_DEVICE_FAMILY = "1,2";
			};
			name = Debug;
		};
		277F13811F72D8A2000971E2 /* Release */ = {
			isa = XCBuildConfiguration;
			buildSettings = {
				ALWAYS_SEARCH_USER_PATHS = NO;
				CLANG_ANALYZER_NONNULL = YES;
				CLANG_ANALYZER_NUMBER_OBJECT_CONVERSION = YES_AGGRESSIVE;
				CLANG_CXX_LANGUAGE_STANDARD = "gnu++0x";
				CLANG_CXX_LIBRARY = "libc++";
				CLANG_ENABLE_MODULES = YES;
				CLANG_ENABLE_OBJC_ARC = YES;
				CLANG_WARN_BLOCK_CAPTURE_AUTORELEASING = YES;
				CLANG_WARN_BOOL_CONVERSION = YES;
				CLANG_WARN_COMMA = YES;
				CLANG_WARN_CONSTANT_CONVERSION = YES;
				CLANG_WARN_DIRECT_OBJC_ISA_USAGE = YES_ERROR;
				CLANG_WARN_DOCUMENTATION_COMMENTS = YES;
				CLANG_WARN_EMPTY_BODY = YES;
				CLANG_WARN_ENUM_CONVERSION = YES;
				CLANG_WARN_INFINITE_RECURSION = YES;
				CLANG_WARN_INT_CONVERSION = YES;
				CLANG_WARN_NON_LITERAL_NULL_CONVERSION = YES;
				CLANG_WARN_OBJC_LITERAL_CONVERSION = YES;
				CLANG_WARN_OBJC_ROOT_CLASS = YES_ERROR;
				CLANG_WARN_RANGE_LOOP_ANALYSIS = YES;
				CLANG_WARN_STRICT_PROTOTYPES = YES;
				CLANG_WARN_SUSPICIOUS_MOVE = YES;
				CLANG_WARN_UNREACHABLE_CODE = YES;
				CLANG_WARN__DUPLICATE_METHOD_MATCH = YES;
				"CODE_SIGN_IDENTITY[sdk=iphoneos*]" = "iPhone Developer";
				COPY_PHASE_STRIP = NO;
				DEBUG_INFORMATION_FORMAT = "dwarf-with-dsym";
				ENABLE_NS_ASSERTIONS = NO;
				ENABLE_STRICT_OBJC_MSGSEND = YES;
				GCC_C_LANGUAGE_STANDARD = gnu99;
				GCC_NO_COMMON_BLOCKS = YES;
				GCC_WARN_64_TO_32_BIT_CONVERSION = YES;
				GCC_WARN_ABOUT_RETURN_TYPE = YES_ERROR;
				GCC_WARN_UNDECLARED_SELECTOR = YES;
				GCC_WARN_UNINITIALIZED_AUTOS = YES_AGGRESSIVE;
				GCC_WARN_UNUSED_FUNCTION = YES;
				GCC_WARN_UNUSED_VARIABLE = YES;
				IPHONEOS_DEPLOYMENT_TARGET = 10.3;
				MTL_ENABLE_DEBUG_INFO = NO;
				SDKROOT = iphoneos;
				SWIFT_OPTIMIZATION_LEVEL = "-Owholemodule";
				TARGETED_DEVICE_FAMILY = "1,2";
				VALIDATE_PRODUCT = YES;
			};
			name = Release;
		};
		277F13831F72D8A2000971E2 /* Debug */ = {
			isa = XCBuildConfiguration;
			baseConfigurationReference = 47349BC9D1E69D2EC009B23E /* Pods-TeachM.debug.xcconfig */;
			buildSettings = {
				ASSETCATALOG_COMPILER_APPICON_NAME = AppIcon;
				DEVELOPMENT_TEAM = JB9S2XD9E3;
				INFOPLIST_FILE = TeachM/Info.plist;
				LD_RUNPATH_SEARCH_PATHS = "$(inherited) @executable_path/Frameworks";
				PRODUCT_BUNDLE_IDENTIFIER = com.BlueThunderProductions.TeachM;
				PRODUCT_NAME = "$(TARGET_NAME)";
				SWIFT_SWIFT3_OBJC_INFERENCE = On;
				SWIFT_VERSION = 4.0;
			};
			name = Debug;
		};
		277F13841F72D8A2000971E2 /* Release */ = {
			isa = XCBuildConfiguration;
			baseConfigurationReference = 2DC1C257885F934C645C4444 /* Pods-TeachM.release.xcconfig */;
			buildSettings = {
				ASSETCATALOG_COMPILER_APPICON_NAME = AppIcon;
				DEVELOPMENT_TEAM = JB9S2XD9E3;
				INFOPLIST_FILE = TeachM/Info.plist;
				LD_RUNPATH_SEARCH_PATHS = "$(inherited) @executable_path/Frameworks";
				PRODUCT_BUNDLE_IDENTIFIER = com.BlueThunderProductions.TeachM;
				PRODUCT_NAME = "$(TARGET_NAME)";
				SWIFT_SWIFT3_OBJC_INFERENCE = On;
				SWIFT_VERSION = 4.0;
			};
			name = Release;
		};
		277F13861F72D8A2000971E2 /* Debug */ = {
			isa = XCBuildConfiguration;
			baseConfigurationReference = ACD6469FD5BD618CE62D54E4 /* Pods-TeachMTests.debug.xcconfig */;
			buildSettings = {
				ALWAYS_EMBED_SWIFT_STANDARD_LIBRARIES = YES;
				BUNDLE_LOADER = "$(TEST_HOST)";
				DEVELOPMENT_TEAM = JB9S2XD9E3;
				INFOPLIST_FILE = TeachMTests/Info.plist;
				LD_RUNPATH_SEARCH_PATHS = "$(inherited) @executable_path/Frameworks @loader_path/Frameworks";
				PRODUCT_BUNDLE_IDENTIFIER = com.BlueThunderProductions.TeachMTests;
				PRODUCT_NAME = "$(TARGET_NAME)";
				SWIFT_SWIFT3_OBJC_INFERENCE = On;
				SWIFT_VERSION = 4.0;
				TEST_HOST = "$(BUILT_PRODUCTS_DIR)/TeachM.app/TeachM";
			};
			name = Debug;
		};
		277F13871F72D8A2000971E2 /* Release */ = {
			isa = XCBuildConfiguration;
			baseConfigurationReference = 0B7DD0D7C6C557E9B691BEE4 /* Pods-TeachMTests.release.xcconfig */;
			buildSettings = {
				ALWAYS_EMBED_SWIFT_STANDARD_LIBRARIES = YES;
				BUNDLE_LOADER = "$(TEST_HOST)";
				DEVELOPMENT_TEAM = JB9S2XD9E3;
				INFOPLIST_FILE = TeachMTests/Info.plist;
				LD_RUNPATH_SEARCH_PATHS = "$(inherited) @executable_path/Frameworks @loader_path/Frameworks";
				PRODUCT_BUNDLE_IDENTIFIER = com.BlueThunderProductions.TeachMTests;
				PRODUCT_NAME = "$(TARGET_NAME)";
				SWIFT_SWIFT3_OBJC_INFERENCE = On;
				SWIFT_VERSION = 4.0;
				TEST_HOST = "$(BUILT_PRODUCTS_DIR)/TeachM.app/TeachM";
			};
			name = Release;
		};
		277F13891F72D8A2000971E2 /* Debug */ = {
			isa = XCBuildConfiguration;
			baseConfigurationReference = 09A0F8C7AA16B4A1E7ABB17E /* Pods-TeachMUITests.debug.xcconfig */;
			buildSettings = {
				ALWAYS_EMBED_SWIFT_STANDARD_LIBRARIES = YES;
				DEVELOPMENT_TEAM = JB9S2XD9E3;
				INFOPLIST_FILE = TeachMUITests/Info.plist;
				LD_RUNPATH_SEARCH_PATHS = "$(inherited) @executable_path/Frameworks @loader_path/Frameworks";
				PRODUCT_BUNDLE_IDENTIFIER = com.BlueThunderProductions.TeachMUITests;
				PRODUCT_NAME = "$(TARGET_NAME)";
				SWIFT_SWIFT3_OBJC_INFERENCE = On;
				SWIFT_VERSION = 4.0;
				TEST_TARGET_NAME = TeachM;
			};
			name = Debug;
		};
		277F138A1F72D8A2000971E2 /* Release */ = {
			isa = XCBuildConfiguration;
			baseConfigurationReference = FE150755E1CCAE6405872136 /* Pods-TeachMUITests.release.xcconfig */;
			buildSettings = {
				ALWAYS_EMBED_SWIFT_STANDARD_LIBRARIES = YES;
				DEVELOPMENT_TEAM = JB9S2XD9E3;
				INFOPLIST_FILE = TeachMUITests/Info.plist;
				LD_RUNPATH_SEARCH_PATHS = "$(inherited) @executable_path/Frameworks @loader_path/Frameworks";
				PRODUCT_BUNDLE_IDENTIFIER = com.BlueThunderProductions.TeachMUITests;
				PRODUCT_NAME = "$(TARGET_NAME)";
				SWIFT_SWIFT3_OBJC_INFERENCE = On;
				SWIFT_VERSION = 4.0;
				TEST_TARGET_NAME = TeachM;
			};
			name = Release;
		};
/* End XCBuildConfiguration section */

/* Begin XCConfigurationList section */
		277F13521F72D8A2000971E2 /* Build configuration list for PBXProject "TeachM" */ = {
			isa = XCConfigurationList;
			buildConfigurations = (
				277F13801F72D8A2000971E2 /* Debug */,
				277F13811F72D8A2000971E2 /* Release */,
			);
			defaultConfigurationIsVisible = 0;
			defaultConfigurationName = Release;
		};
		277F13821F72D8A2000971E2 /* Build configuration list for PBXNativeTarget "TeachM" */ = {
			isa = XCConfigurationList;
			buildConfigurations = (
				277F13831F72D8A2000971E2 /* Debug */,
				277F13841F72D8A2000971E2 /* Release */,
			);
			defaultConfigurationIsVisible = 0;
			defaultConfigurationName = Release;
		};
		277F13851F72D8A2000971E2 /* Build configuration list for PBXNativeTarget "TeachMTests" */ = {
			isa = XCConfigurationList;
			buildConfigurations = (
				277F13861F72D8A2000971E2 /* Debug */,
				277F13871F72D8A2000971E2 /* Release */,
			);
			defaultConfigurationIsVisible = 0;
			defaultConfigurationName = Release;
		};
		277F13881F72D8A2000971E2 /* Build configuration list for PBXNativeTarget "TeachMUITests" */ = {
			isa = XCConfigurationList;
			buildConfigurations = (
				277F13891F72D8A2000971E2 /* Debug */,
				277F138A1F72D8A2000971E2 /* Release */,
			);
			defaultConfigurationIsVisible = 0;
			defaultConfigurationName = Release;
		};
/* End XCConfigurationList section */

/* Begin XCVersionGroup section */
		22D5F3071F7A22F8000006A5 /* AttendanceModel.xcdatamodeld */ = {
			isa = XCVersionGroup;
			children = (
				22D5F3081F7A22F8000006A5 /* AttendanceModel.xcdatamodel */,
			);
			currentVersion = 22D5F3081F7A22F8000006A5 /* AttendanceModel.xcdatamodel */;
			path = AttendanceModel.xcdatamodeld;
			sourceTree = "<group>";
			versionGroupType = wrapper.xcdatamodel;
		};
		277F13611F72D8A2000971E2 /* TeachM.xcdatamodeld */ = {
			isa = XCVersionGroup;
			children = (
				277F13621F72D8A2000971E2 /* TeachM.xcdatamodel */,
			);
			currentVersion = 277F13621F72D8A2000971E2 /* TeachM.xcdatamodel */;
			path = TeachM.xcdatamodeld;
			sourceTree = "<group>";
			versionGroupType = wrapper.xcdatamodel;
		};
/* End XCVersionGroup section */
	};
	rootObject = 277F134F1F72D8A2000971E2 /* Project object */;
}
